<?xml version="1.0" encoding="UTF-8"?>
<Scheme
   version = "1.3">
   <BuildAction>
      <BuildActionEntries>
         <BuildActionEntry
            buildForRunning = "YES">
            <BuildableReference
               BuildableIdentifier = "primary"
               BlueprintIdentifier = "ECE838CCE8B9BBD0EF1BBB2F"
               BuildableName = "pokemons-game-swift"
               BlueprintName = "pokemons-game-swift"
               ReferencedContainer = "container:pokemons-game-swift.xcodeproj">
            </BuildableReference>
         </BuildActionEntry>
      </BuildActionEntries>
   </BuildAction>
   <LaunchAction
      useCustomWorkingDirectory = "NO"
      buildConfiguration = "Debug"
      allowLocationSimulation = "YES">
      <BuildableProductRunnable>
         <BuildableReference
            BuildableIdentifier = "primary"
            BlueprintIdentifier = "ECE838CCE8B9BBD0EF1BBB2F"
            BuildableName = "pokemons-game-swift"
            BlueprintName = "pokemons-game-swift"
            ReferencedContainer = "container:pokemons-game-swift.xcodeproj">
         </BuildableReference>
      </BuildableProductRunnable>
   </LaunchAction>
</Scheme>
